
Microsoft Visual Studio Solution File, Format Version 12.00
# Visual Studio 2012
Project("{6870E480-7721-4708-BFB8-9AE898AA21B3}") = "Ch08", "Ch08\Ch08.smproj", "{CC9381EE-0F6F-4ADD-93C4-AEA64022C835}"
EndProject
Global
	GlobalSection(SolutionConfigurationPlatforms) = preSolution
		Development|x86 = Development|x86
	EndGlobalSection
	GlobalSection(ProjectConfigurationPlatforms) = postSolution
		{CC9381EE-0F6F-4ADD-93C4-AEA64022C835}.Development|x86.ActiveCfg = Development|x86
		{CC9381EE-0F6F-4ADD-93C4-AEA64022C835}.Development|x86.Build.0 = Development|x86
		{CC9381EE-0F6F-4ADD-93C4-AEA64022C835}.Development|x86.Deploy.0 = Development|x86
	EndGlobalSection
	GlobalSection(SolutionProperties) = preSolution
		HideSolutionNode = FALSE
	EndGlobalSection
EndGlobal
