
Microsoft Visual Studio Solution File, Format Version 12.00
# Visual Studio 2012
Project("{F14B399A-7131-4C87-9E4B-1186C45EF12D}") = "Ch15", "Ch15\Ch15.rptproj", "{65615216-4F9F-48C2-95DF-831A08E24C49}"
EndProject
Global
	GlobalSection(SolutionConfigurationPlatforms) = preSolution
		Debug|Default = Debug|Default
		DebugLocal|Default = DebugLocal|Default
		Release|Default = Release|Default
	EndGlobalSection
	GlobalSection(ProjectConfigurationPlatforms) = postSolution
		{65615216-4F9F-48C2-95DF-831A08E24C49}.Debug|Default.ActiveCfg = Debug
		{65615216-4F9F-48C2-95DF-831A08E24C49}.Debug|Default.Build.0 = DebugLocal
		{65615216-4F9F-48C2-95DF-831A08E24C49}.Debug|Default.Deploy.0 = DebugLocal
		{65615216-4F9F-48C2-95DF-831A08E24C49}.DebugLocal|Default.ActiveCfg = DebugLocal
		{65615216-4F9F-48C2-95DF-831A08E24C49}.DebugLocal|Default.Build.0 = DebugLocal
		{65615216-4F9F-48C2-95DF-831A08E24C49}.Release|Default.ActiveCfg = Release
		{65615216-4F9F-48C2-95DF-831A08E24C49}.Release|Default.Build.0 = Release
		{65615216-4F9F-48C2-95DF-831A08E24C49}.Release|Default.Deploy.0 = Release
	EndGlobalSection
	GlobalSection(SolutionProperties) = preSolution
		HideSolutionNode = FALSE
	EndGlobalSection
EndGlobal
